
Microsoft Visual Studio Solution File, Format Version 12.00
# Visual Studio Version 17
VisualStudioVersion = 17.14.36408.4
MinimumVisualStudioVersion = 10.0.40219.1
Project("{FAE04EC0-301F-11D3-BF4B-00C04F79EFBC}") = "TraceLogic", "TraceLogic\TraceLogic.csproj", "{AC40E1E7-1259-4FD4-8B42-FF00B5FFA142}"
EndProject
Project("{FAE04EC0-301F-11D3-BF4B-00C04F79EFBC}") = "TraceLogic.Core", "TraceLogic.Core\TraceLogic.Core.csproj", "{70054D8C-8927-480A-BD75-9876E9D7F97C}"
EndProject
Global
	GlobalSection(SolutionConfigurationPlatforms) = preSolution
		Debug|Any CPU = Debug|Any CPU
		Release|Any CPU = Release|Any CPU
	EndGlobalSection
	GlobalSection(ProjectConfigurationPlatforms) = postSolution
		{AC40E1E7-1259-4FD4-8B42-FF00B5FFA142}.Debug|Any CPU.ActiveCfg = Debug|Any CPU
		{AC40E1E7-1259-4FD4-8B42-FF00B5FFA142}.Debug|Any CPU.Build.0 = Debug|Any CPU
		{AC40E1E7-1259-4FD4-8B42-FF00B5FFA142}.Release|Any CPU.ActiveCfg = Release|Any CPU
		{AC40E1E7-1259-4FD4-8B42-FF00B5FFA142}.Release|Any CPU.Build.0 = Release|Any CPU
		{70054D8C-8927-480A-BD75-9876E9D7F97C}.Debug|Any CPU.ActiveCfg = Debug|Any CPU
		{70054D8C-8927-480A-BD75-9876E9D7F97C}.Debug|Any CPU.Build.0 = Debug|Any CPU
		{70054D8C-8927-480A-BD75-9876E9D7F97C}.Release|Any CPU.ActiveCfg = Release|Any CPU
		{70054D8C-8927-480A-BD75-9876E9D7F97C}.Release|Any CPU.Build.0 = Release|Any CPU
	EndGlobalSection
	GlobalSection(SolutionProperties) = preSolution
		HideSolutionNode = FALSE
	EndGlobalSection
	GlobalSection(ExtensibilityGlobals) = postSolution
		SolutionGuid = {A0DD6C0F-04C3-4408-80D4-00361C9E598D}
	EndGlobalSection
EndGlobal
